dependencies:
- name: api
  repository: file://../api
  version: 0.1.0
- name: comet
  repository: file://../comet
  version: 0.1.0
- name: runners
  repository: file://../runners
  version: 0.1.0
- name: ui
  repository: file://../ui
  version: 0.1.0
- name: cert-manager
  repository: https://charts.jetstack.io
  version: v1.13.3
- name: minio
  repository: https://charts.min.io/
  version: 5.0.15
digest: sha256:f5289ada638ee228cfb7eccfe8ac51ade8ece4789c46aec3a3186d214064bd5f
generated: "2024-01-31T10:57:57.343765-06:00"
