dependencies:
- name: api
  repository: file://../api
  version: 0.1.0
- name: model-server
  repository: file://../model-server
  version: 0.1.0
- name: ui
  repository: file://../ui
  version: 0.1.0
digest: sha256:31c79b1c413d364a98bb9cf53b42261b121b941f888d97e70f377e648bc7c8e2
generated: "2024-01-17T13:50:18.310043-06:00"
