dependencies:
- name: api
  repository: file://../api
  version: 0.1.0
- name: comet
  repository: file://../comet
  version: 0.1.0
- name: model-server
  repository: file://../model-server
  version: 0.1.0
- name: runners
  repository: file://../runners
  version: 0.1.0
- name: ui
  repository: file://../ui
  version: 0.1.0
- name: cert-manager
  repository: https://charts.jetstack.io
  version: v1.13.3
- name: minio
  repository: https://charts.min.io/
  version: 5.0.15
- name: cloudnative-pg
  repository: https://cloudnative-pg.github.io/charts
  version: 0.20.0
digest: sha256:e604a24d402b88dad4cab85be3b894ccc5d7ed91ed907cfe081e58be80c02ecd
generated: "2024-01-31T16:31:34.43393-06:00"
